
Microsoft Visual Studio Solution File, Format Version 12.00
# Visual Studio Version 16
VisualStudioVersion = 16.0.32002.261
MinimumVisualStudioVersion = 10.0.40219.1
Project("{FAE04EC0-301F-11D3-BF4B-00C04F79EFBC}") = "FBUdemo", "FBUdemo\FBUdemo.csproj", "{51C36003-3656-48FB-95C5-4F4D80D76EAE}"
EndProject
Project("{FAE04EC0-301F-11D3-BF4B-00C04F79EFBC}") = "AbstrationByInterface", "AbstrationByInterface\AbstrationByInterface.csproj", "{029575A4-E2C7-481C-A419-6D622B128FCF}"
EndProject
Project("{FAE04EC0-301F-11D3-BF4B-00C04F79EFBC}") = "arraysAlgorithms", "arraysAlgorithms\arraysAlgorithms.csproj", "{AD0C0775-9190-47DA-A8EA-15FCCEF95989}"
EndProject
Project("{FAE04EC0-301F-11D3-BF4B-00C04F79EFBC}") = "ArraysAlgorithms1", "ArraysAlgorithms1\ArraysAlgorithms1.csproj", "{F3874512-8003-47BC-8FFC-E617FB929D9C}"
EndProject
Project("{FAE04EC0-301F-11D3-BF4B-00C04F79EFBC}") = "StringOps", "StringOps\StringOps.csproj", "{009CAC69-A544-4A72-9D5A-25F74E6EC779}"
EndProject
Project("{FAE04EC0-301F-11D3-BF4B-00C04F79EFBC}") = "DiziAsalSayiOdev", "DiziAsalSayiOdev\DiziAsalSayiOdev.csproj", "{596268EE-F3FC-4C83-9B50-E9E338866D54}"
EndProject
Project("{FAE04EC0-301F-11D3-BF4B-00C04F79EFBC}") = "DI", "DI\DI.csproj", "{027CADD4-123D-4483-A7A3-D6232AD5D840}"
EndProject
Global
	GlobalSection(SolutionConfigurationPlatforms) = preSolution
		Debug|Any CPU = Debug|Any CPU
		Release|Any CPU = Release|Any CPU
	EndGlobalSection
	GlobalSection(ProjectConfigurationPlatforms) = postSolution
		{51C36003-3656-48FB-95C5-4F4D80D76EAE}.Debug|Any CPU.ActiveCfg = Debug|Any CPU
		{51C36003-3656-48FB-95C5-4F4D80D76EAE}.Debug|Any CPU.Build.0 = Debug|Any CPU
		{51C36003-3656-48FB-95C5-4F4D80D76EAE}.Release|Any CPU.ActiveCfg = Release|Any CPU
		{51C36003-3656-48FB-95C5-4F4D80D76EAE}.Release|Any CPU.Build.0 = Release|Any CPU
		{029575A4-E2C7-481C-A419-6D622B128FCF}.Debug|Any CPU.ActiveCfg = Debug|Any CPU
		{029575A4-E2C7-481C-A419-6D622B128FCF}.Debug|Any CPU.Build.0 = Debug|Any CPU
		{029575A4-E2C7-481C-A419-6D622B128FCF}.Release|Any CPU.ActiveCfg = Release|Any CPU
		{029575A4-E2C7-481C-A419-6D622B128FCF}.Release|Any CPU.Build.0 = Release|Any CPU
		{AD0C0775-9190-47DA-A8EA-15FCCEF95989}.Debug|Any CPU.ActiveCfg = Debug|Any CPU
		{AD0C0775-9190-47DA-A8EA-15FCCEF95989}.Debug|Any CPU.Build.0 = Debug|Any CPU
		{AD0C0775-9190-47DA-A8EA-15FCCEF95989}.Release|Any CPU.ActiveCfg = Release|Any CPU
		{AD0C0775-9190-47DA-A8EA-15FCCEF95989}.Release|Any CPU.Build.0 = Release|Any CPU
		{F3874512-8003-47BC-8FFC-E617FB929D9C}.Debug|Any CPU.ActiveCfg = Debug|Any CPU
		{F3874512-8003-47BC-8FFC-E617FB929D9C}.Debug|Any CPU.Build.0 = Debug|Any CPU
		{F3874512-8003-47BC-8FFC-E617FB929D9C}.Release|Any CPU.ActiveCfg = Release|Any CPU
		{F3874512-8003-47BC-8FFC-E617FB929D9C}.Release|Any CPU.Build.0 = Release|Any CPU
		{009CAC69-A544-4A72-9D5A-25F74E6EC779}.Debug|Any CPU.ActiveCfg = Debug|Any CPU
		{009CAC69-A544-4A72-9D5A-25F74E6EC779}.Debug|Any CPU.Build.0 = Debug|Any CPU
		{009CAC69-A544-4A72-9D5A-25F74E6EC779}.Release|Any CPU.ActiveCfg = Release|Any CPU
		{009CAC69-A544-4A72-9D5A-25F74E6EC779}.Release|Any CPU.Build.0 = Release|Any CPU
		{596268EE-F3FC-4C83-9B50-E9E338866D54}.Debug|Any CPU.ActiveCfg = Debug|Any CPU
		{596268EE-F3FC-4C83-9B50-E9E338866D54}.Debug|Any CPU.Build.0 = Debug|Any CPU
		{596268EE-F3FC-4C83-9B50-E9E338866D54}.Release|Any CPU.ActiveCfg = Release|Any CPU
		{596268EE-F3FC-4C83-9B50-E9E338866D54}.Release|Any CPU.Build.0 = Release|Any CPU
		{027CADD4-123D-4483-A7A3-D6232AD5D840}.Debug|Any CPU.ActiveCfg = Debug|Any CPU
		{027CADD4-123D-4483-A7A3-D6232AD5D840}.Debug|Any CPU.Build.0 = Debug|Any CPU
		{027CADD4-123D-4483-A7A3-D6232AD5D840}.Release|Any CPU.ActiveCfg = Release|Any CPU
		{027CADD4-123D-4483-A7A3-D6232AD5D840}.Release|Any CPU.Build.0 = Release|Any CPU
	EndGlobalSection
	GlobalSection(SolutionProperties) = preSolution
		HideSolutionNode = FALSE
	EndGlobalSection
	GlobalSection(ExtensibilityGlobals) = postSolution
		SolutionGuid = {B50F7497-A648-4AB8-8726-0DAB9CF13E51}
	EndGlobalSection
EndGlobal
