
Microsoft Visual Studio Solution File, Format Version 12.00
# Visual Studio Version 16
VisualStudioVersion = 16.0.32002.261
MinimumVisualStudioVersion = 10.0.40219.1
Project("{FAE04EC0-301F-11D3-BF4B-00C04F79EFBC}") = "FBUdemo", "FBUdemo\FBUdemo.csproj", "{51C36003-3656-48FB-95C5-4F4D80D76EAE}"
EndProject
Project("{FAE04EC0-301F-11D3-BF4B-00C04F79EFBC}") = "AbstrationByInterface", "AbstrationByInterface\AbstrationByInterface.csproj", "{029575A4-E2C7-481C-A419-6D622B128FCF}"
EndProject
Global
	GlobalSection(SolutionConfigurationPlatforms) = preSolution
		Debug|Any CPU = Debug|Any CPU
		Release|Any CPU = Release|Any CPU
	EndGlobalSection
	GlobalSection(ProjectConfigurationPlatforms) = postSolution
		{51C36003-3656-48FB-95C5-4F4D80D76EAE}.Debug|Any CPU.ActiveCfg = Debug|Any CPU
		{51C36003-3656-48FB-95C5-4F4D80D76EAE}.Debug|Any CPU.Build.0 = Debug|Any CPU
		{51C36003-3656-48FB-95C5-4F4D80D76EAE}.Release|Any CPU.ActiveCfg = Release|Any CPU
		{51C36003-3656-48FB-95C5-4F4D80D76EAE}.Release|Any CPU.Build.0 = Release|Any CPU
		{029575A4-E2C7-481C-A419-6D622B128FCF}.Debug|Any CPU.ActiveCfg = Debug|Any CPU
		{029575A4-E2C7-481C-A419-6D622B128FCF}.Debug|Any CPU.Build.0 = Debug|Any CPU
		{029575A4-E2C7-481C-A419-6D622B128FCF}.Release|Any CPU.ActiveCfg = Release|Any CPU
		{029575A4-E2C7-481C-A419-6D622B128FCF}.Release|Any CPU.Build.0 = Release|Any CPU
	EndGlobalSection
	GlobalSection(SolutionProperties) = preSolution
		HideSolutionNode = FALSE
	EndGlobalSection
	GlobalSection(ExtensibilityGlobals) = postSolution
		SolutionGuid = {B50F7497-A648-4AB8-8726-0DAB9CF13E51}
	EndGlobalSection
EndGlobal
